
Microsoft Visual Studio Solution File, Format Version 12.00
# Visual Studio Version 16
VisualStudioVersion = 16.0.30907.101
MinimumVisualStudioVersion = 10.0.40219.1
Project("{9A19103F-16F7-4668-BE54-9A1E7A4F7556}") = "NServiceBus3", "NServiceBus3\NServiceBus3.csproj", "{17FD8B87-AB4D-4663-8C9F-A3B1213D046D}"
EndProject
Project("{9A19103F-16F7-4668-BE54-9A1E7A4F7556}") = "Common", "Common\Common.csproj", "{572499ED-E234-4C66-BD6E-D5A845065C5F}"
EndProject
Project("{9A19103F-16F7-4668-BE54-9A1E7A4F7556}") = "NServiceBus4", "NServiceBus4\NServiceBus4.csproj", "{2428412D-C9C5-4006-BFC4-DF7CCB90B12E}"
EndProject
Project("{9A19103F-16F7-4668-BE54-9A1E7A4F7556}") = "NServiceBus5", "NServiceBus5\NServiceBus5.csproj", "{BE2C7B5E-7A71-4B0C-9020-343ED2010993}"
EndProject
Project("{9A19103F-16F7-4668-BE54-9A1E7A4F7556}") = "NServiceBus6", "NServiceBus6\NServiceBus6.csproj", "{10D11044-C92C-42AD-830E-57012FF4F039}"
EndProject
Project("{9A19103F-16F7-4668-BE54-9A1E7A4F7556}") = "Tests", "Tests\Tests.csproj", "{FEAAE402-8ED0-47FB-8E54-42B1D7F654CC}"
	ProjectSection(ProjectDependencies) = postProject
		{EC85911C-67FA-4E69-8D22-AC69EA436929} = {EC85911C-67FA-4E69-8D22-AC69EA436929}
		{2428412D-C9C5-4006-BFC4-DF7CCB90B12E} = {2428412D-C9C5-4006-BFC4-DF7CCB90B12E}
		{0B4C3F2E-E74A-4A4A-B167-11D783E7499F} = {0B4C3F2E-E74A-4A4A-B167-11D783E7499F}
		{10D11044-C92C-42AD-830E-57012FF4F039} = {10D11044-C92C-42AD-830E-57012FF4F039}
		{BE2C7B5E-7A71-4B0C-9020-343ED2010993} = {BE2C7B5E-7A71-4B0C-9020-343ED2010993}
		{17FD8B87-AB4D-4663-8C9F-A3B1213D046D} = {17FD8B87-AB4D-4663-8C9F-A3B1213D046D}
	EndProjectSection
EndProject
Project("{9A19103F-16F7-4668-BE54-9A1E7A4F7556}") = "NServiceBus6.1", "NServiceBus6.1\NServiceBus6.1.csproj", "{0B4C3F2E-E74A-4A4A-B167-11D783E7499F}"
EndProject
Project("{9A19103F-16F7-4668-BE54-9A1E7A4F7556}") = "NServiceBus6.2", "NServiceBus6.2\NServiceBus6.2.csproj", "{EC85911C-67FA-4E69-8D22-AC69EA436929}"
EndProject
Project("{9A19103F-16F7-4668-BE54-9A1E7A4F7556}") = "NServiceBus6.Common", "NServiceBus6.Common\NServiceBus6.Common.csproj", "{6C13196B-D5A0-4F0D-B982-0C91BBDDAAED}"
EndProject
Global
	GlobalSection(SolutionConfigurationPlatforms) = preSolution
		Debug|Any CPU = Debug|Any CPU
		Release|Any CPU = Release|Any CPU
	EndGlobalSection
	GlobalSection(ProjectConfigurationPlatforms) = postSolution
		{17FD8B87-AB4D-4663-8C9F-A3B1213D046D}.Debug|Any CPU.ActiveCfg = Debug|Any CPU
		{17FD8B87-AB4D-4663-8C9F-A3B1213D046D}.Debug|Any CPU.Build.0 = Debug|Any CPU
		{17FD8B87-AB4D-4663-8C9F-A3B1213D046D}.Release|Any CPU.ActiveCfg = Release|Any CPU
		{17FD8B87-AB4D-4663-8C9F-A3B1213D046D}.Release|Any CPU.Build.0 = Release|Any CPU
		{572499ED-E234-4C66-BD6E-D5A845065C5F}.Debug|Any CPU.ActiveCfg = Debug|Any CPU
		{572499ED-E234-4C66-BD6E-D5A845065C5F}.Debug|Any CPU.Build.0 = Debug|Any CPU
		{572499ED-E234-4C66-BD6E-D5A845065C5F}.Release|Any CPU.ActiveCfg = Release|Any CPU
		{572499ED-E234-4C66-BD6E-D5A845065C5F}.Release|Any CPU.Build.0 = Release|Any CPU
		{2428412D-C9C5-4006-BFC4-DF7CCB90B12E}.Debug|Any CPU.ActiveCfg = Debug|Any CPU
		{2428412D-C9C5-4006-BFC4-DF7CCB90B12E}.Debug|Any CPU.Build.0 = Debug|Any CPU
		{2428412D-C9C5-4006-BFC4-DF7CCB90B12E}.Release|Any CPU.ActiveCfg = Release|Any CPU
		{2428412D-C9C5-4006-BFC4-DF7CCB90B12E}.Release|Any CPU.Build.0 = Release|Any CPU
		{BE2C7B5E-7A71-4B0C-9020-343ED2010993}.Debug|Any CPU.ActiveCfg = Debug|Any CPU
		{BE2C7B5E-7A71-4B0C-9020-343ED2010993}.Debug|Any CPU.Build.0 = Debug|Any CPU
		{BE2C7B5E-7A71-4B0C-9020-343ED2010993}.Release|Any CPU.ActiveCfg = Release|Any CPU
		{BE2C7B5E-7A71-4B0C-9020-343ED2010993}.Release|Any CPU.Build.0 = Release|Any CPU
		{10D11044-C92C-42AD-830E-57012FF4F039}.Debug|Any CPU.ActiveCfg = Debug|Any CPU
		{10D11044-C92C-42AD-830E-57012FF4F039}.Debug|Any CPU.Build.0 = Debug|Any CPU
		{10D11044-C92C-42AD-830E-57012FF4F039}.Release|Any CPU.ActiveCfg = Release|Any CPU
		{10D11044-C92C-42AD-830E-57012FF4F039}.Release|Any CPU.Build.0 = Release|Any CPU
		{FEAAE402-8ED0-47FB-8E54-42B1D7F654CC}.Debug|Any CPU.ActiveCfg = Debug|Any CPU
		{FEAAE402-8ED0-47FB-8E54-42B1D7F654CC}.Debug|Any CPU.Build.0 = Debug|Any CPU
		{FEAAE402-8ED0-47FB-8E54-42B1D7F654CC}.Release|Any CPU.ActiveCfg = Release|Any CPU
		{FEAAE402-8ED0-47FB-8E54-42B1D7F654CC}.Release|Any CPU.Build.0 = Release|Any CPU
		{0B4C3F2E-E74A-4A4A-B167-11D783E7499F}.Debug|Any CPU.ActiveCfg = Debug|Any CPU
		{0B4C3F2E-E74A-4A4A-B167-11D783E7499F}.Debug|Any CPU.Build.0 = Debug|Any CPU
		{0B4C3F2E-E74A-4A4A-B167-11D783E7499F}.Release|Any CPU.ActiveCfg = Release|Any CPU
		{0B4C3F2E-E74A-4A4A-B167-11D783E7499F}.Release|Any CPU.Build.0 = Release|Any CPU
		{EC85911C-67FA-4E69-8D22-AC69EA436929}.Debug|Any CPU.ActiveCfg = Debug|Any CPU
		{EC85911C-67FA-4E69-8D22-AC69EA436929}.Debug|Any CPU.Build.0 = Debug|Any CPU
		{EC85911C-67FA-4E69-8D22-AC69EA436929}.Release|Any CPU.ActiveCfg = Release|Any CPU
		{EC85911C-67FA-4E69-8D22-AC69EA436929}.Release|Any CPU.Build.0 = Release|Any CPU
		{6C13196B-D5A0-4F0D-B982-0C91BBDDAAED}.Debug|Any CPU.ActiveCfg = Debug|Any CPU
		{6C13196B-D5A0-4F0D-B982-0C91BBDDAAED}.Debug|Any CPU.Build.0 = Debug|Any CPU
		{6C13196B-D5A0-4F0D-B982-0C91BBDDAAED}.Release|Any CPU.ActiveCfg = Release|Any CPU
		{6C13196B-D5A0-4F0D-B982-0C91BBDDAAED}.Release|Any CPU.Build.0 = Release|Any CPU
	EndGlobalSection
	GlobalSection(SolutionProperties) = preSolution
		HideSolutionNode = FALSE
	EndGlobalSection
	GlobalSection(ExtensibilityGlobals) = postSolution
		SolutionGuid = {9F6A8E13-BB19-464C-AA60-186EC42F1F3B}
	EndGlobalSection
EndGlobal
