
Microsoft Visual Studio Solution File, Format Version 12.00
# Visual Studio Version 16
VisualStudioVersion = 16.0.30907.101
MinimumVisualStudioVersion = 10.0.40219.1
Project("{9A19103F-16F7-4668-BE54-9A1E7A4F7556}") = "Common", "Common\Common.csproj", "{572499ED-E234-4C66-BD6E-D5A845065C5F}"
EndProject
Project("{9A19103F-16F7-4668-BE54-9A1E7A4F7556}") = "NServiceBus4.0", "NServiceBus4.0\NServiceBus4.0.csproj", "{2428412D-C9C5-4006-BFC4-DF7CCB90B12E}"
EndProject
Project("{9A19103F-16F7-4668-BE54-9A1E7A4F7556}") = "NServiceBus5.0", "NServiceBus5.0\NServiceBus5.0.csproj", "{BE2C7B5E-7A71-4B0C-9020-343ED2010993}"
EndProject
Project("{9A19103F-16F7-4668-BE54-9A1E7A4F7556}") = "NServiceBus6.0", "NServiceBus6.0\NServiceBus6.0.csproj", "{10D11044-C92C-42AD-830E-57012FF4F039}"
EndProject
Project("{9A19103F-16F7-4668-BE54-9A1E7A4F7556}") = "Tests", "Tests\Tests.csproj", "{FEAAE402-8ED0-47FB-8E54-42B1D7F654CC}"
	ProjectSection(ProjectDependencies) = postProject
		{EC85911C-67FA-4E69-8D22-AC69EA436929} = {EC85911C-67FA-4E69-8D22-AC69EA436929}
		{2428412D-C9C5-4006-BFC4-DF7CCB90B12E} = {2428412D-C9C5-4006-BFC4-DF7CCB90B12E}
		{0B4C3F2E-E74A-4A4A-B167-11D783E7499F} = {0B4C3F2E-E74A-4A4A-B167-11D783E7499F}
		{10D11044-C92C-42AD-830E-57012FF4F039} = {10D11044-C92C-42AD-830E-57012FF4F039}
		{BE2C7B5E-7A71-4B0C-9020-343ED2010993} = {BE2C7B5E-7A71-4B0C-9020-343ED2010993}
	EndProjectSection
EndProject
Project("{9A19103F-16F7-4668-BE54-9A1E7A4F7556}") = "NServiceBus6.1", "NServiceBus6.1\NServiceBus6.1.csproj", "{0B4C3F2E-E74A-4A4A-B167-11D783E7499F}"
EndProject
Project("{9A19103F-16F7-4668-BE54-9A1E7A4F7556}") = "NServiceBus6.2", "NServiceBus6.2\NServiceBus6.2.csproj", "{EC85911C-67FA-4E69-8D22-AC69EA436929}"
EndProject
Project("{9A19103F-16F7-4668-BE54-9A1E7A4F7556}") = "NServiceBus6.3", "NServiceBus6.3\NServiceBus6.3.csproj", "{0E80F689-6045-4916-BE02-ACBB9E7CEE67}"
EndProject
Project("{9A19103F-16F7-4668-BE54-9A1E7A4F7556}") = "NServiceBus6.4", "NServiceBus6.4\NServiceBus6.4.csproj", "{DBA74493-AFC0-4084-993B-1DB8253E1C03}"
EndProject
Project("{9A19103F-16F7-4668-BE54-9A1E7A4F7556}") = "NServiceBus6.5", "NServiceBus6.5\NServiceBus6.5.csproj", "{0A6EC4ED-62BC-4EFC-BE72-148B292FB92F}"
EndProject
Project("{9A19103F-16F7-4668-BE54-9A1E7A4F7556}") = "NServiceBus5.1", "NServiceBus5.1\NServiceBus5.1.csproj", "{5BE12FCC-DD1E-477F-9FF4-ED20098CEEC2}"
EndProject
Project("{9A19103F-16F7-4668-BE54-9A1E7A4F7556}") = "NServiceBus5.2", "NServiceBus5.2\NServiceBus5.2.csproj", "{B36E98F4-0CEE-4744-A74E-DB8C42578C88}"
EndProject
Project("{9A19103F-16F7-4668-BE54-9A1E7A4F7556}") = "NServiceBus4.1", "NServiceBus4.1\NServiceBus4.1.csproj", "{8971C23B-8A58-47F2-8198-60E8F3EAC03E}"
EndProject
Project("{9A19103F-16F7-4668-BE54-9A1E7A4F7556}") = "NServiceBus3.3", "NServiceBus3.3\NServiceBus3.3.csproj", "{2AAE9E2B-0E00-475D-A06B-12D29E24B699}"
EndProject
Project("{9A19103F-16F7-4668-BE54-9A1E7A4F7556}") = "NServiceBus4.2", "NServiceBus4.2\NServiceBus4.2.csproj", "{2F1191B6-49DA-47DE-B187-2BFACA4E99F9}"
EndProject
Project("{9A19103F-16F7-4668-BE54-9A1E7A4F7556}") = "NServiceBus4.3", "NServiceBus4.3\NServiceBus4.3.csproj", "{19B520BF-BF38-4BA1-A28C-1FE60DCC8088}"
EndProject
Project("{9A19103F-16F7-4668-BE54-9A1E7A4F7556}") = "NServiceBus4.4", "NServiceBus4.4\NServiceBus4.4.csproj", "{C1686476-7C1B-4A7B-B917-75E08B3ADDF4}"
EndProject
Project("{9A19103F-16F7-4668-BE54-9A1E7A4F7556}") = "NServiceBus4.5", "NServiceBus4.5\NServiceBus4.5.csproj", "{3616903F-1B45-4227-B50C-BEF1DDA22DD7}"
EndProject
Project("{9A19103F-16F7-4668-BE54-9A1E7A4F7556}") = "NServiceBus4.6", "NServiceBus4.6\NServiceBus4.6.csproj", "{346AE9EE-8380-4AA4-B843-348F90579957}"
EndProject
Project("{9A19103F-16F7-4668-BE54-9A1E7A4F7556}") = "NServiceBus4.7", "NServiceBus4.7\NServiceBus4.7.csproj", "{746DD407-533E-432B-95EF-AD6040990982}"
EndProject
Project("{9A19103F-16F7-4668-BE54-9A1E7A4F7556}") = "NServiceBus7.0", "NServiceBus7.0\NServiceBus7.0.csproj", "{3E59E1EB-0331-47D8-BC97-F6A8EFCADD4B}"
EndProject
Project("{9A19103F-16F7-4668-BE54-9A1E7A4F7556}") = "NServiceBus7.1", "NServiceBus7.1\NServiceBus7.1.csproj", "{FAA54277-9B91-468D-B1C3-B097F21EF362}"
EndProject
Project("{9A19103F-16F7-4668-BE54-9A1E7A4F7556}") = "NServiceBus7.2", "NServiceBus7.2\NServiceBus7.2.csproj", "{153726FA-C61C-4533-AD41-AE1AF3E9F428}"
EndProject
Project("{9A19103F-16F7-4668-BE54-9A1E7A4F7556}") = "NServiceBus7.3", "NServiceBus7.3\NServiceBus7.3.csproj", "{3226C69F-5D5C-4851-B5FB-A816DC64B76C}"
EndProject
Project("{9A19103F-16F7-4668-BE54-9A1E7A4F7556}") = "NServiceBus7.4", "NServiceBus7.4\NServiceBus7.4.csproj", "{B24E79F2-0E75-484C-A750-A94F685CE9A1}"
EndProject
Project("{9A19103F-16F7-4668-BE54-9A1E7A4F7556}") = "NServiceBus8.0", "NServiceBus8.0\NServiceBus8.0.csproj", "{0E033370-EDCF-4D4A-9A4F-0F26D7ACE036}"
EndProject
Project("{9A19103F-16F7-4668-BE54-9A1E7A4F7556}") = "NServiceBus7.5", "NServiceBus7.5\NServiceBus7.5.csproj", "{3CE52A62-DF31-480C-9DF2-248E956C50FC}"
EndProject
Project("{FAE04EC0-301F-11D3-BF4B-00C04F79EFBC}") = "NServiceBus7.6", "NServiceBus7.6\NServiceBus7.6.csproj", "{AEA5516C-251E-4EF6-A795-4B7C4EEAA05E}"
EndProject
Global
	GlobalSection(SolutionConfigurationPlatforms) = preSolution
		Debug|Any CPU = Debug|Any CPU
		Release|Any CPU = Release|Any CPU
	EndGlobalSection
	GlobalSection(ProjectConfigurationPlatforms) = postSolution
		{572499ED-E234-4C66-BD6E-D5A845065C5F}.Debug|Any CPU.ActiveCfg = Debug|Any CPU
		{572499ED-E234-4C66-BD6E-D5A845065C5F}.Debug|Any CPU.Build.0 = Debug|Any CPU
		{572499ED-E234-4C66-BD6E-D5A845065C5F}.Release|Any CPU.ActiveCfg = Release|Any CPU
		{572499ED-E234-4C66-BD6E-D5A845065C5F}.Release|Any CPU.Build.0 = Release|Any CPU
		{2428412D-C9C5-4006-BFC4-DF7CCB90B12E}.Debug|Any CPU.ActiveCfg = Debug|Any CPU
		{2428412D-C9C5-4006-BFC4-DF7CCB90B12E}.Debug|Any CPU.Build.0 = Debug|Any CPU
		{2428412D-C9C5-4006-BFC4-DF7CCB90B12E}.Release|Any CPU.ActiveCfg = Release|Any CPU
		{2428412D-C9C5-4006-BFC4-DF7CCB90B12E}.Release|Any CPU.Build.0 = Release|Any CPU
		{BE2C7B5E-7A71-4B0C-9020-343ED2010993}.Debug|Any CPU.ActiveCfg = Debug|Any CPU
		{BE2C7B5E-7A71-4B0C-9020-343ED2010993}.Debug|Any CPU.Build.0 = Debug|Any CPU
		{BE2C7B5E-7A71-4B0C-9020-343ED2010993}.Release|Any CPU.ActiveCfg = Release|Any CPU
		{BE2C7B5E-7A71-4B0C-9020-343ED2010993}.Release|Any CPU.Build.0 = Release|Any CPU
		{10D11044-C92C-42AD-830E-57012FF4F039}.Debug|Any CPU.ActiveCfg = Debug|Any CPU
		{10D11044-C92C-42AD-830E-57012FF4F039}.Debug|Any CPU.Build.0 = Debug|Any CPU
		{10D11044-C92C-42AD-830E-57012FF4F039}.Release|Any CPU.ActiveCfg = Release|Any CPU
		{10D11044-C92C-42AD-830E-57012FF4F039}.Release|Any CPU.Build.0 = Release|Any CPU
		{FEAAE402-8ED0-47FB-8E54-42B1D7F654CC}.Debug|Any CPU.ActiveCfg = Debug|Any CPU
		{FEAAE402-8ED0-47FB-8E54-42B1D7F654CC}.Debug|Any CPU.Build.0 = Debug|Any CPU
		{FEAAE402-8ED0-47FB-8E54-42B1D7F654CC}.Release|Any CPU.ActiveCfg = Release|Any CPU
		{FEAAE402-8ED0-47FB-8E54-42B1D7F654CC}.Release|Any CPU.Build.0 = Release|Any CPU
		{0B4C3F2E-E74A-4A4A-B167-11D783E7499F}.Debug|Any CPU.ActiveCfg = Debug|Any CPU
		{0B4C3F2E-E74A-4A4A-B167-11D783E7499F}.Debug|Any CPU.Build.0 = Debug|Any CPU
		{0B4C3F2E-E74A-4A4A-B167-11D783E7499F}.Release|Any CPU.ActiveCfg = Release|Any CPU
		{0B4C3F2E-E74A-4A4A-B167-11D783E7499F}.Release|Any CPU.Build.0 = Release|Any CPU
		{EC85911C-67FA-4E69-8D22-AC69EA436929}.Debug|Any CPU.ActiveCfg = Debug|Any CPU
		{EC85911C-67FA-4E69-8D22-AC69EA436929}.Debug|Any CPU.Build.0 = Debug|Any CPU
		{EC85911C-67FA-4E69-8D22-AC69EA436929}.Release|Any CPU.ActiveCfg = Release|Any CPU
		{EC85911C-67FA-4E69-8D22-AC69EA436929}.Release|Any CPU.Build.0 = Release|Any CPU
		{0E80F689-6045-4916-BE02-ACBB9E7CEE67}.Debug|Any CPU.ActiveCfg = Debug|Any CPU
		{0E80F689-6045-4916-BE02-ACBB9E7CEE67}.Debug|Any CPU.Build.0 = Debug|Any CPU
		{0E80F689-6045-4916-BE02-ACBB9E7CEE67}.Release|Any CPU.ActiveCfg = Release|Any CPU
		{0E80F689-6045-4916-BE02-ACBB9E7CEE67}.Release|Any CPU.Build.0 = Release|Any CPU
		{DBA74493-AFC0-4084-993B-1DB8253E1C03}.Debug|Any CPU.ActiveCfg = Debug|Any CPU
		{DBA74493-AFC0-4084-993B-1DB8253E1C03}.Debug|Any CPU.Build.0 = Debug|Any CPU
		{DBA74493-AFC0-4084-993B-1DB8253E1C03}.Release|Any CPU.ActiveCfg = Release|Any CPU
		{DBA74493-AFC0-4084-993B-1DB8253E1C03}.Release|Any CPU.Build.0 = Release|Any CPU
		{0A6EC4ED-62BC-4EFC-BE72-148B292FB92F}.Debug|Any CPU.ActiveCfg = Debug|Any CPU
		{0A6EC4ED-62BC-4EFC-BE72-148B292FB92F}.Debug|Any CPU.Build.0 = Debug|Any CPU
		{0A6EC4ED-62BC-4EFC-BE72-148B292FB92F}.Release|Any CPU.ActiveCfg = Release|Any CPU
		{0A6EC4ED-62BC-4EFC-BE72-148B292FB92F}.Release|Any CPU.Build.0 = Release|Any CPU
		{5BE12FCC-DD1E-477F-9FF4-ED20098CEEC2}.Debug|Any CPU.ActiveCfg = Debug|Any CPU
		{5BE12FCC-DD1E-477F-9FF4-ED20098CEEC2}.Debug|Any CPU.Build.0 = Debug|Any CPU
		{5BE12FCC-DD1E-477F-9FF4-ED20098CEEC2}.Release|Any CPU.ActiveCfg = Release|Any CPU
		{5BE12FCC-DD1E-477F-9FF4-ED20098CEEC2}.Release|Any CPU.Build.0 = Release|Any CPU
		{B36E98F4-0CEE-4744-A74E-DB8C42578C88}.Debug|Any CPU.ActiveCfg = Debug|Any CPU
		{B36E98F4-0CEE-4744-A74E-DB8C42578C88}.Debug|Any CPU.Build.0 = Debug|Any CPU
		{B36E98F4-0CEE-4744-A74E-DB8C42578C88}.Release|Any CPU.ActiveCfg = Release|Any CPU
		{B36E98F4-0CEE-4744-A74E-DB8C42578C88}.Release|Any CPU.Build.0 = Release|Any CPU
		{8971C23B-8A58-47F2-8198-60E8F3EAC03E}.Debug|Any CPU.ActiveCfg = Debug|Any CPU
		{8971C23B-8A58-47F2-8198-60E8F3EAC03E}.Debug|Any CPU.Build.0 = Debug|Any CPU
		{8971C23B-8A58-47F2-8198-60E8F3EAC03E}.Release|Any CPU.ActiveCfg = Release|Any CPU
		{8971C23B-8A58-47F2-8198-60E8F3EAC03E}.Release|Any CPU.Build.0 = Release|Any CPU
		{2AAE9E2B-0E00-475D-A06B-12D29E24B699}.Debug|Any CPU.ActiveCfg = Debug|Any CPU
		{2AAE9E2B-0E00-475D-A06B-12D29E24B699}.Debug|Any CPU.Build.0 = Debug|Any CPU
		{2AAE9E2B-0E00-475D-A06B-12D29E24B699}.Release|Any CPU.ActiveCfg = Release|Any CPU
		{2AAE9E2B-0E00-475D-A06B-12D29E24B699}.Release|Any CPU.Build.0 = Release|Any CPU
		{2F1191B6-49DA-47DE-B187-2BFACA4E99F9}.Debug|Any CPU.ActiveCfg = Debug|Any CPU
		{2F1191B6-49DA-47DE-B187-2BFACA4E99F9}.Debug|Any CPU.Build.0 = Debug|Any CPU
		{2F1191B6-49DA-47DE-B187-2BFACA4E99F9}.Release|Any CPU.ActiveCfg = Release|Any CPU
		{2F1191B6-49DA-47DE-B187-2BFACA4E99F9}.Release|Any CPU.Build.0 = Release|Any CPU
		{19B520BF-BF38-4BA1-A28C-1FE60DCC8088}.Debug|Any CPU.ActiveCfg = Debug|Any CPU
		{19B520BF-BF38-4BA1-A28C-1FE60DCC8088}.Debug|Any CPU.Build.0 = Debug|Any CPU
		{19B520BF-BF38-4BA1-A28C-1FE60DCC8088}.Release|Any CPU.ActiveCfg = Release|Any CPU
		{19B520BF-BF38-4BA1-A28C-1FE60DCC8088}.Release|Any CPU.Build.0 = Release|Any CPU
		{C1686476-7C1B-4A7B-B917-75E08B3ADDF4}.Debug|Any CPU.ActiveCfg = Debug|Any CPU
		{C1686476-7C1B-4A7B-B917-75E08B3ADDF4}.Debug|Any CPU.Build.0 = Debug|Any CPU
		{C1686476-7C1B-4A7B-B917-75E08B3ADDF4}.Release|Any CPU.ActiveCfg = Release|Any CPU
		{C1686476-7C1B-4A7B-B917-75E08B3ADDF4}.Release|Any CPU.Build.0 = Release|Any CPU
		{3616903F-1B45-4227-B50C-BEF1DDA22DD7}.Debug|Any CPU.ActiveCfg = Debug|Any CPU
		{3616903F-1B45-4227-B50C-BEF1DDA22DD7}.Debug|Any CPU.Build.0 = Debug|Any CPU
		{3616903F-1B45-4227-B50C-BEF1DDA22DD7}.Release|Any CPU.ActiveCfg = Release|Any CPU
		{3616903F-1B45-4227-B50C-BEF1DDA22DD7}.Release|Any CPU.Build.0 = Release|Any CPU
		{346AE9EE-8380-4AA4-B843-348F90579957}.Debug|Any CPU.ActiveCfg = Debug|Any CPU
		{346AE9EE-8380-4AA4-B843-348F90579957}.Debug|Any CPU.Build.0 = Debug|Any CPU
		{346AE9EE-8380-4AA4-B843-348F90579957}.Release|Any CPU.ActiveCfg = Release|Any CPU
		{346AE9EE-8380-4AA4-B843-348F90579957}.Release|Any CPU.Build.0 = Release|Any CPU
		{746DD407-533E-432B-95EF-AD6040990982}.Debug|Any CPU.ActiveCfg = Debug|Any CPU
		{746DD407-533E-432B-95EF-AD6040990982}.Debug|Any CPU.Build.0 = Debug|Any CPU
		{746DD407-533E-432B-95EF-AD6040990982}.Release|Any CPU.ActiveCfg = Release|Any CPU
		{746DD407-533E-432B-95EF-AD6040990982}.Release|Any CPU.Build.0 = Release|Any CPU
		{3E59E1EB-0331-47D8-BC97-F6A8EFCADD4B}.Debug|Any CPU.ActiveCfg = Debug|Any CPU
		{3E59E1EB-0331-47D8-BC97-F6A8EFCADD4B}.Debug|Any CPU.Build.0 = Debug|Any CPU
		{3E59E1EB-0331-47D8-BC97-F6A8EFCADD4B}.Release|Any CPU.ActiveCfg = Release|Any CPU
		{3E59E1EB-0331-47D8-BC97-F6A8EFCADD4B}.Release|Any CPU.Build.0 = Release|Any CPU
		{FAA54277-9B91-468D-B1C3-B097F21EF362}.Debug|Any CPU.ActiveCfg = Debug|Any CPU
		{FAA54277-9B91-468D-B1C3-B097F21EF362}.Debug|Any CPU.Build.0 = Debug|Any CPU
		{FAA54277-9B91-468D-B1C3-B097F21EF362}.Release|Any CPU.ActiveCfg = Release|Any CPU
		{FAA54277-9B91-468D-B1C3-B097F21EF362}.Release|Any CPU.Build.0 = Release|Any CPU
		{153726FA-C61C-4533-AD41-AE1AF3E9F428}.Debug|Any CPU.ActiveCfg = Debug|Any CPU
		{153726FA-C61C-4533-AD41-AE1AF3E9F428}.Debug|Any CPU.Build.0 = Debug|Any CPU
		{153726FA-C61C-4533-AD41-AE1AF3E9F428}.Release|Any CPU.ActiveCfg = Release|Any CPU
		{153726FA-C61C-4533-AD41-AE1AF3E9F428}.Release|Any CPU.Build.0 = Release|Any CPU
		{3226C69F-5D5C-4851-B5FB-A816DC64B76C}.Debug|Any CPU.ActiveCfg = Debug|Any CPU
		{3226C69F-5D5C-4851-B5FB-A816DC64B76C}.Debug|Any CPU.Build.0 = Debug|Any CPU
		{3226C69F-5D5C-4851-B5FB-A816DC64B76C}.Release|Any CPU.ActiveCfg = Release|Any CPU
		{3226C69F-5D5C-4851-B5FB-A816DC64B76C}.Release|Any CPU.Build.0 = Release|Any CPU
		{B24E79F2-0E75-484C-A750-A94F685CE9A1}.Debug|Any CPU.ActiveCfg = Debug|Any CPU
		{B24E79F2-0E75-484C-A750-A94F685CE9A1}.Debug|Any CPU.Build.0 = Debug|Any CPU
		{B24E79F2-0E75-484C-A750-A94F685CE9A1}.Release|Any CPU.ActiveCfg = Release|Any CPU
		{B24E79F2-0E75-484C-A750-A94F685CE9A1}.Release|Any CPU.Build.0 = Release|Any CPU
		{0E033370-EDCF-4D4A-9A4F-0F26D7ACE036}.Debug|Any CPU.ActiveCfg = Debug|Any CPU
		{0E033370-EDCF-4D4A-9A4F-0F26D7ACE036}.Debug|Any CPU.Build.0 = Debug|Any CPU
		{0E033370-EDCF-4D4A-9A4F-0F26D7ACE036}.Release|Any CPU.ActiveCfg = Release|Any CPU
		{0E033370-EDCF-4D4A-9A4F-0F26D7ACE036}.Release|Any CPU.Build.0 = Release|Any CPU
		{3CE52A62-DF31-480C-9DF2-248E956C50FC}.Debug|Any CPU.ActiveCfg = Debug|Any CPU
		{3CE52A62-DF31-480C-9DF2-248E956C50FC}.Debug|Any CPU.Build.0 = Debug|Any CPU
		{3CE52A62-DF31-480C-9DF2-248E956C50FC}.Release|Any CPU.ActiveCfg = Release|Any CPU
		{3CE52A62-DF31-480C-9DF2-248E956C50FC}.Release|Any CPU.Build.0 = Release|Any CPU
		{AEA5516C-251E-4EF6-A795-4B7C4EEAA05E}.Debug|Any CPU.ActiveCfg = Debug|Any CPU
		{AEA5516C-251E-4EF6-A795-4B7C4EEAA05E}.Debug|Any CPU.Build.0 = Debug|Any CPU
		{AEA5516C-251E-4EF6-A795-4B7C4EEAA05E}.Release|Any CPU.ActiveCfg = Release|Any CPU
		{AEA5516C-251E-4EF6-A795-4B7C4EEAA05E}.Release|Any CPU.Build.0 = Release|Any CPU
	EndGlobalSection
	GlobalSection(SolutionProperties) = preSolution
		HideSolutionNode = FALSE
	EndGlobalSection
	GlobalSection(ExtensibilityGlobals) = postSolution
		SolutionGuid = {9F6A8E13-BB19-464C-AA60-186EC42F1F3B}
	EndGlobalSection
EndGlobal
